
Microsoft Visual Studio Solution File, Format Version 12.00
# Visual Studio Version 17
VisualStudioVersion = 17.3.32929.385
MinimumVisualStudioVersion = 10.0.40219.1
Project("{FAE04EC0-301F-11D3-BF4B-00C04F79EFBC}") = "PayRollSystem.Api", "PayrollSystem\PayRollSystem.Api.csproj", "{0F10E312-BB68-4327-AFCE-BB91CCC29EBE}"
EndProject
Project("{FAE04EC0-301F-11D3-BF4B-00C04F79EFBC}") = "PayRollSystem.Application", "PayRollSystem.Application\PayRollSystem.Application.csproj", "{D14A3AA0-8932-4F70-BDF7-881A8786BB14}"
EndProject
Project("{FAE04EC0-301F-11D3-BF4B-00C04F79EFBC}") = "PayRollSystem.Data", "PayRollSystem.Data\PayRollSystem.Data.csproj", "{2E3D2701-FED2-4CB2-B9DF-7BBBA0922C2F}"
EndProject
Project("{FAE04EC0-301F-11D3-BF4B-00C04F79EFBC}") = "PayRollSystem.Domain", "PayRollSystem.Domain\PayRollSystem.Domain.csproj", "{D239BB8C-6788-4987-994C-5A7D77ACB597}"
EndProject
Project("{FAE04EC0-301F-11D3-BF4B-00C04F79EFBC}") = "PayRollSystem.Service", "PayRollSystem.Service\PayRollSystem.Service.csproj", "{0AD0BFFB-4485-43BE-BB66-7EFD2943F614}"
EndProject
Global
	GlobalSection(SolutionConfigurationPlatforms) = preSolution
		Debug|Any CPU = Debug|Any CPU
		Release|Any CPU = Release|Any CPU
	EndGlobalSection
	GlobalSection(ProjectConfigurationPlatforms) = postSolution
		{0F10E312-BB68-4327-AFCE-BB91CCC29EBE}.Debug|Any CPU.ActiveCfg = Debug|Any CPU
		{0F10E312-BB68-4327-AFCE-BB91CCC29EBE}.Debug|Any CPU.Build.0 = Debug|Any CPU
		{0F10E312-BB68-4327-AFCE-BB91CCC29EBE}.Release|Any CPU.ActiveCfg = Release|Any CPU
		{0F10E312-BB68-4327-AFCE-BB91CCC29EBE}.Release|Any CPU.Build.0 = Release|Any CPU
		{D14A3AA0-8932-4F70-BDF7-881A8786BB14}.Debug|Any CPU.ActiveCfg = Debug|Any CPU
		{D14A3AA0-8932-4F70-BDF7-881A8786BB14}.Debug|Any CPU.Build.0 = Debug|Any CPU
		{D14A3AA0-8932-4F70-BDF7-881A8786BB14}.Release|Any CPU.ActiveCfg = Release|Any CPU
		{D14A3AA0-8932-4F70-BDF7-881A8786BB14}.Release|Any CPU.Build.0 = Release|Any CPU
		{2E3D2701-FED2-4CB2-B9DF-7BBBA0922C2F}.Debug|Any CPU.ActiveCfg = Debug|Any CPU
		{2E3D2701-FED2-4CB2-B9DF-7BBBA0922C2F}.Debug|Any CPU.Build.0 = Debug|Any CPU
		{2E3D2701-FED2-4CB2-B9DF-7BBBA0922C2F}.Release|Any CPU.ActiveCfg = Release|Any CPU
		{2E3D2701-FED2-4CB2-B9DF-7BBBA0922C2F}.Release|Any CPU.Build.0 = Release|Any CPU
		{D239BB8C-6788-4987-994C-5A7D77ACB597}.Debug|Any CPU.ActiveCfg = Debug|Any CPU
		{D239BB8C-6788-4987-994C-5A7D77ACB597}.Debug|Any CPU.Build.0 = Debug|Any CPU
		{D239BB8C-6788-4987-994C-5A7D77ACB597}.Release|Any CPU.ActiveCfg = Release|Any CPU
		{D239BB8C-6788-4987-994C-5A7D77ACB597}.Release|Any CPU.Build.0 = Release|Any CPU
		{0AD0BFFB-4485-43BE-BB66-7EFD2943F614}.Debug|Any CPU.ActiveCfg = Debug|Any CPU
		{0AD0BFFB-4485-43BE-BB66-7EFD2943F614}.Debug|Any CPU.Build.0 = Debug|Any CPU
		{0AD0BFFB-4485-43BE-BB66-7EFD2943F614}.Release|Any CPU.ActiveCfg = Release|Any CPU
		{0AD0BFFB-4485-43BE-BB66-7EFD2943F614}.Release|Any CPU.Build.0 = Release|Any CPU
	EndGlobalSection
	GlobalSection(SolutionProperties) = preSolution
		HideSolutionNode = FALSE
	EndGlobalSection
	GlobalSection(ExtensibilityGlobals) = postSolution
		SolutionGuid = {2CCE8A18-7DFC-43FE-82B3-3FBF22C3FAE4}
	EndGlobalSection
EndGlobal
